// !$*UTF8*$!
{
	archiveVersion = 1;
	classes = {
	};
	objectVersion = 56;
	objects = {

/* Begin PBXBuildFile section */
		8B0121232B2958E90087E3A5 /* landmarkData.json in Resources */ = {isa = PBXBuildFile; fileRef = 8B0121222B2958E90087E3A5 /* landmarkData.json */; };
		8B0121252B29590B0087E3A5 /* Landmark.swift in Sources */ = {isa = PBXBuildFile; fileRef = 8B0121242B29590B0087E3A5 /* Landmark.swift */; };
		8B0121282B295A6D0087E3A5 /* ModelData.swift in Sources */ = {isa = PBXBuildFile; fileRef = 8B0121272B295A6D0087E3A5 /* ModelData.swift */; };
		8B01212C2B295B840087E3A5 /* LandmarkRow.swift in Sources */ = {isa = PBXBuildFile; fileRef = 8B01212B2B295B840087E3A5 /* LandmarkRow.swift */; };
		8B1FFABD2B2A8CF3002FF00F /* FavoriteLandmarks.swift in Sources */ = {isa = PBXBuildFile; fileRef = 8B1FFABC2B2A8CF3002FF00F /* FavoriteLandmarks.swift */; };
		8B37455A2B2D73AF007019A8 /* ReviewLandmark.swift in Sources */ = {isa = PBXBuildFile; fileRef = 8B3745592B2D73AF007019A8 /* ReviewLandmark.swift */; };
		8B37455C2B2E2F90007019A8 /* StartHikingButton.swift in Sources */ = {isa = PBXBuildFile; fileRef = 8B37455B2B2E2F90007019A8 /* StartHikingButton.swift */; };
		8B5F1D412B2E49D8008840F5 /* WidgetKit.framework in Frameworks */ = {isa = PBXBuildFile; fileRef = 8B3745652B2E3CDA007019A8 /* WidgetKit.framework */; };
		8B5F1D422B2E49D8008840F5 /* SwiftUI.framework in Frameworks */ = {isa = PBXBuildFile; fileRef = 8B3745672B2E3CDA007019A8 /* SwiftUI.framework */; };
		8B5F1D452B2E49D8008840F5 /* LandmarksWidgetBundle.swift in Sources */ = {isa = PBXBuildFile; fileRef = 8B5F1D442B2E49D8008840F5 /* LandmarksWidgetBundle.swift */; };
		8B5F1D472B2E49D8008840F5 /* LandmarksWidgetLiveActivity.swift in Sources */ = {isa = PBXBuildFile; fileRef = 8B5F1D462B2E49D8008840F5 /* LandmarksWidgetLiveActivity.swift */; };
		8B5F1D4D2B2E49D9008840F5 /* Assets.xcassets in Resources */ = {isa = PBXBuildFile; fileRef = 8B5F1D4C2B2E49D8008840F5 /* Assets.xcassets */; };
		8B5F1D512B2E49D9008840F5 /* LandmarksWidgetExtension.appex in Embed Foundation Extensions */ = {isa = PBXBuildFile; fileRef = 8B5F1D402B2E49D8008840F5 /* LandmarksWidgetExtension.appex */; settings = {ATTRIBUTES = (RemoveHeadersOnCopy, ); }; };
		8B5F1D562B2E5810008840F5 /* LandmarkWidgetAttributes.swift in Sources */ = {isa = PBXBuildFile; fileRef = 8B5F1D552B2E5810008840F5 /* LandmarkWidgetAttributes.swift */; };
		8B5F1D572B2E5810008840F5 /* LandmarkWidgetAttributes.swift in Sources */ = {isa = PBXBuildFile; fileRef = 8B5F1D552B2E5810008840F5 /* LandmarkWidgetAttributes.swift */; };
		8B5F1D592B2E5831008840F5 /* PercentView.swift in Sources */ = {isa = PBXBuildFile; fileRef = 8B5F1D582B2E5831008840F5 /* PercentView.swift */; };
		8B5F1D5A2B2E5831008840F5 /* PercentView.swift in Sources */ = {isa = PBXBuildFile; fileRef = 8B5F1D582B2E5831008840F5 /* PercentView.swift */; };
		8B5F1D5C2B2E5854008840F5 /* LockScreenView.swift in Sources */ = {isa = PBXBuildFile; fileRef = 8B5F1D5B2B2E5854008840F5 /* LockScreenView.swift */; };
		8B5F1D5D2B2E5854008840F5 /* LockScreenView.swift in Sources */ = {isa = PBXBuildFile; fileRef = 8B5F1D5B2B2E5854008840F5 /* LockScreenView.swift */; };
		8B5F1D622B2E5982008840F5 /* LandmarkViewModel.swift in Sources */ = {isa = PBXBuildFile; fileRef = 8B5F1D612B2E5982008840F5 /* LandmarkViewModel.swift */; };
		8B5F1D662B2E65A6008840F5 /* SearchBox.swift in Sources */ = {isa = PBXBuildFile; fileRef = 8B5F1D652B2E65A6008840F5 /* SearchBox.swift */; };
		8B8E8E992B24FA14004CE26C /* LandmarksApp.swift in Sources */ = {isa = PBXBuildFile; fileRef = 8B8E8E982B24FA14004CE26C /* LandmarksApp.swift */; };
		8B8E8E9B2B24FA14004CE26C /* ContentView.swift in Sources */ = {isa = PBXBuildFile; fileRef = 8B8E8E9A2B24FA14004CE26C /* ContentView.swift */; };
		8B8E8E9D2B24FA14004CE26C /* Assets.xcassets in Resources */ = {isa = PBXBuildFile; fileRef = 8B8E8E9C2B24FA14004CE26C /* Assets.xcassets */; };
		8B8E8EA02B24FA14004CE26C /* Preview Assets.xcassets in Resources */ = {isa = PBXBuildFile; fileRef = 8B8E8E9F2B24FA14004CE26C /* Preview Assets.xcassets */; };
		8B8E8EA72B24FD20004CE26C /* CircleImage.swift in Sources */ = {isa = PBXBuildFile; fileRef = 8B8E8EA62B24FD20004CE26C /* CircleImage.swift */; };
		8B8E8EA92B24FDB4004CE26C /* MapView.swift in Sources */ = {isa = PBXBuildFile; fileRef = 8B8E8EA82B24FDB4004CE26C /* MapView.swift */; };
		8B960EF42B2A918F000A8CB4 /* FavoriteIcon.swift in Sources */ = {isa = PBXBuildFile; fileRef = 8B960EF32B2A918F000A8CB4 /* FavoriteIcon.swift */; };
		8B960EF72B2AD87F000A8CB4 /* PageViewController.swift in Sources */ = {isa = PBXBuildFile; fileRef = 8B960EF62B2AD87F000A8CB4 /* PageViewController.swift */; };
		8B960EF92B2AD96B000A8CB4 /* FeatureCard.swift in Sources */ = {isa = PBXBuildFile; fileRef = 8B960EF82B2AD96B000A8CB4 /* FeatureCard.swift */; };
		8B960EFB2B2ADA40000A8CB4 /* PageView.swift in Sources */ = {isa = PBXBuildFile; fileRef = 8B960EFA2B2ADA40000A8CB4 /* PageView.swift */; };
		8B960EFD2B2ADC4F000A8CB4 /* PageControl.swift in Sources */ = {isa = PBXBuildFile; fileRef = 8B960EFC2B2ADC4F000A8CB4 /* PageControl.swift */; };
		8BF0A4E72B2960230020CC88 /* LandmarkList.swift in Sources */ = {isa = PBXBuildFile; fileRef = 8BF0A4E62B2960230020CC88 /* LandmarkList.swift */; };
		8BF0A4E92B2961790020CC88 /* LandmarkDetail.swift in Sources */ = {isa = PBXBuildFile; fileRef = 8BF0A4E82B2961790020CC88 /* LandmarkDetail.swift */; };
		8BF0A4EB2B2968A20020CC88 /* FavoriteButton.swift in Sources */ = {isa = PBXBuildFile; fileRef = 8BF0A4EA2B2968A20020CC88 /* FavoriteButton.swift */; };
		8BF0A4F02B296AA00020CC88 /* HexagonParameters.swift in Sources */ = {isa = PBXBuildFile; fileRef = 8BF0A4EF2B296AA00020CC88 /* HexagonParameters.swift */; };
		8BF0A4F42B296BF50020CC88 /* BadgeBackground.swift in Sources */ = {isa = PBXBuildFile; fileRef = 8BF0A4F32B296BF50020CC88 /* BadgeBackground.swift */; };
		8BF0A4F62B296E330020CC88 /* BadgeSymbol.swift in Sources */ = {isa = PBXBuildFile; fileRef = 8BF0A4F52B296E330020CC88 /* BadgeSymbol.swift */; };
		8BF0A4F82B296E910020CC88 /* RotatedBadgeSymbol.swift in Sources */ = {isa = PBXBuildFile; fileRef = 8BF0A4F72B296E910020CC88 /* RotatedBadgeSymbol.swift */; };
		8BF0A4FB2B296EEA0020CC88 /* Badge.swift in Sources */ = {isa = PBXBuildFile; fileRef = 8BF0A4FA2B296EEA0020CC88 /* Badge.swift */; };
		8BF0A4FD2B29705B0020CC88 /* hikeData.json in Resources */ = {isa = PBXBuildFile; fileRef = 8BF0A4FC2B29705B0020CC88 /* hikeData.json */; };
		8BF0A4FF2B29708C0020CC88 /* Hike.swift in Sources */ = {isa = PBXBuildFile; fileRef = 8BF0A4FE2B29708C0020CC88 /* Hike.swift */; };
		8BF0A5022B2972BC0020CC88 /* HikeGraph.swift in Sources */ = {isa = PBXBuildFile; fileRef = 8BF0A5012B2972BC0020CC88 /* HikeGraph.swift */; };
		8BF0A5042B2974C00020CC88 /* GraphCapsule.swift in Sources */ = {isa = PBXBuildFile; fileRef = 8BF0A5032B2974C00020CC88 /* GraphCapsule.swift */; };
		8BF0A5062B29758F0020CC88 /* HikeDetail.swift in Sources */ = {isa = PBXBuildFile; fileRef = 8BF0A5052B29758F0020CC88 /* HikeDetail.swift */; };
		8BF0A5082B2976D00020CC88 /* HikeView.swift in Sources */ = {isa = PBXBuildFile; fileRef = 8BF0A5072B2976D00020CC88 /* HikeView.swift */; };
		8BF0A50B2B297E640020CC88 /* CategoryHome.swift in Sources */ = {isa = PBXBuildFile; fileRef = 8BF0A50A2B297E640020CC88 /* CategoryHome.swift */; };
		8BF0A50D2B2980EE0020CC88 /* CategoryRow.swift in Sources */ = {isa = PBXBuildFile; fileRef = 8BF0A50C2B2980EE0020CC88 /* CategoryRow.swift */; };
		8BF0A50F2B2981C70020CC88 /* CategoryItem.swift in Sources */ = {isa = PBXBuildFile; fileRef = 8BF0A50E2B2981C70020CC88 /* CategoryItem.swift */; };
		8BF0A5112B2984AD0020CC88 /* Profile.swift in Sources */ = {isa = PBXBuildFile; fileRef = 8BF0A5102B2984AD0020CC88 /* Profile.swift */; };
		8BF0A5142B29853E0020CC88 /* ProfileHost.swift in Sources */ = {isa = PBXBuildFile; fileRef = 8BF0A5132B29853E0020CC88 /* ProfileHost.swift */; };
		8BF0A5162B2A7EE10020CC88 /* ProfileSummary.swift in Sources */ = {isa = PBXBuildFile; fileRef = 8BF0A5152B2A7EE10020CC88 /* ProfileSummary.swift */; };
		8BF0A5182B2A80800020CC88 /* HikeBadge.swift in Sources */ = {isa = PBXBuildFile; fileRef = 8BF0A5172B2A80800020CC88 /* HikeBadge.swift */; };
		8BF0A51A2B2A87300020CC88 /* ProfileEditor.swift in Sources */ = {isa = PBXBuildFile; fileRef = 8BF0A5192B2A87300020CC88 /* ProfileEditor.swift */; };
/* End PBXBuildFile section */

/* Begin PBXContainerItemProxy section */
		8B5F1D4F2B2E49D9008840F5 /* PBXContainerItemProxy */ = {
			isa = PBXContainerItemProxy;
			containerPortal = 8B8E8E8D2B24FA14004CE26C /* Project object */;
			proxyType = 1;
			remoteGlobalIDString = 8B5F1D3F2B2E49D8008840F5;
			remoteInfo = LandmarksWidgetExtension;
		};
/* End PBXContainerItemProxy section */

/* Begin PBXCopyFilesBuildPhase section */
		8B37457B2B2E3CDB007019A8 /* Embed Foundation Extensions */ = {
			isa = PBXCopyFilesBuildPhase;
			buildActionMask = 2147483647;
			dstPath = "";
			dstSubfolderSpec = 13;
			files = (
				8B5F1D512B2E49D9008840F5 /* LandmarksWidgetExtension.appex in Embed Foundation Extensions */,
			);
			name = "Embed Foundation Extensions";
			runOnlyForDeploymentPostprocessing = 0;
		};
		8B960F132B2ADDB8000A8CB4 /* Embed Watch Content */ = {
			isa = PBXCopyFilesBuildPhase;
			buildActionMask = 2147483647;
			dstPath = "$(CONTENTS_FOLDER_PATH)/Watch";
			dstSubfolderSpec = 16;
			files = (
			);
			name = "Embed Watch Content";
			runOnlyForDeploymentPostprocessing = 0;
		};
/* End PBXCopyFilesBuildPhase section */

/* Begin PBXFileReference section */
		8B0121222B2958E90087E3A5 /* landmarkData.json */ = {isa = PBXFileReference; lastKnownFileType = text.json; path = landmarkData.json; sourceTree = "<group>"; };
		8B0121242B29590B0087E3A5 /* Landmark.swift */ = {isa = PBXFileReference; lastKnownFileType = sourcecode.swift; path = Landmark.swift; sourceTree = "<group>"; };
		8B0121272B295A6D0087E3A5 /* ModelData.swift */ = {isa = PBXFileReference; lastKnownFileType = sourcecode.swift; path = ModelData.swift; sourceTree = "<group>"; };
		8B01212B2B295B840087E3A5 /* LandmarkRow.swift */ = {isa = PBXFileReference; lastKnownFileType = sourcecode.swift; path = LandmarkRow.swift; sourceTree = "<group>"; };
		8B1FFABC2B2A8CF3002FF00F /* FavoriteLandmarks.swift */ = {isa = PBXFileReference; lastKnownFileType = sourcecode.swift; path = FavoriteLandmarks.swift; sourceTree = "<group>"; };
		8B3745592B2D73AF007019A8 /* ReviewLandmark.swift */ = {isa = PBXFileReference; lastKnownFileType = sourcecode.swift; path = ReviewLandmark.swift; sourceTree = "<group>"; };
		8B37455B2B2E2F90007019A8 /* StartHikingButton.swift */ = {isa = PBXFileReference; lastKnownFileType = sourcecode.swift; path = StartHikingButton.swift; sourceTree = "<group>"; };
		8B3745652B2E3CDA007019A8 /* WidgetKit.framework */ = {isa = PBXFileReference; lastKnownFileType = wrapper.framework; name = WidgetKit.framework; path = System/Library/Frameworks/WidgetKit.framework; sourceTree = SDKROOT; };
		8B3745672B2E3CDA007019A8 /* SwiftUI.framework */ = {isa = PBXFileReference; lastKnownFileType = wrapper.framework; name = SwiftUI.framework; path = System/Library/Frameworks/SwiftUI.framework; sourceTree = SDKROOT; };
		8B37457C2B2E3DC8007019A8 /* Info.plist */ = {isa = PBXFileReference; lastKnownFileType = text.plist; path = Info.plist; sourceTree = "<group>"; };
		8B5F1D402B2E49D8008840F5 /* LandmarksWidgetExtension.appex */ = {isa = PBXFileReference; explicitFileType = "wrapper.app-extension"; includeInIndex = 0; path = LandmarksWidgetExtension.appex; sourceTree = BUILT_PRODUCTS_DIR; };
		8B5F1D442B2E49D8008840F5 /* LandmarksWidgetBundle.swift */ = {isa = PBXFileReference; lastKnownFileType = sourcecode.swift; path = LandmarksWidgetBundle.swift; sourceTree = "<group>"; };
		8B5F1D462B2E49D8008840F5 /* LandmarksWidgetLiveActivity.swift */ = {isa = PBXFileReference; lastKnownFileType = sourcecode.swift; path = LandmarksWidgetLiveActivity.swift; sourceTree = "<group>"; };
		8B5F1D4C2B2E49D8008840F5 /* Assets.xcassets */ = {isa = PBXFileReference; lastKnownFileType = folder.assetcatalog; path = Assets.xcassets; sourceTree = "<group>"; };
		8B5F1D4E2B2E49D9008840F5 /* Info.plist */ = {isa = PBXFileReference; lastKnownFileType = text.plist.xml; path = Info.plist; sourceTree = "<group>"; };
		8B5F1D552B2E5810008840F5 /* LandmarkWidgetAttributes.swift */ = {isa = PBXFileReference; lastKnownFileType = sourcecode.swift; path = LandmarkWidgetAttributes.swift; sourceTree = "<group>"; };
		8B5F1D582B2E5831008840F5 /* PercentView.swift */ = {isa = PBXFileReference; lastKnownFileType = sourcecode.swift; path = PercentView.swift; sourceTree = "<group>"; };
		8B5F1D5B2B2E5854008840F5 /* LockScreenView.swift */ = {isa = PBXFileReference; lastKnownFileType = sourcecode.swift; path = LockScreenView.swift; sourceTree = "<group>"; };
		8B5F1D612B2E5982008840F5 /* LandmarkViewModel.swift */ = {isa = PBXFileReference; lastKnownFileType = sourcecode.swift; path = LandmarkViewModel.swift; sourceTree = "<group>"; };
		8B5F1D652B2E65A6008840F5 /* SearchBox.swift */ = {isa = PBXFileReference; lastKnownFileType = sourcecode.swift; path = SearchBox.swift; sourceTree = "<group>"; };
		8B8E8E952B24FA14004CE26C /* Landmarks.app */ = {isa = PBXFileReference; explicitFileType = wrapper.application; includeInIndex = 0; path = Landmarks.app; sourceTree = BUILT_PRODUCTS_DIR; };
		8B8E8E982B24FA14004CE26C /* LandmarksApp.swift */ = {isa = PBXFileReference; lastKnownFileType = sourcecode.swift; path = LandmarksApp.swift; sourceTree = "<group>"; };
		8B8E8E9A2B24FA14004CE26C /* ContentView.swift */ = {isa = PBXFileReference; lastKnownFileType = sourcecode.swift; path = ContentView.swift; sourceTree = "<group>"; };
		8B8E8E9C2B24FA14004CE26C /* Assets.xcassets */ = {isa = PBXFileReference; lastKnownFileType = folder.assetcatalog; path = Assets.xcassets; sourceTree = "<group>"; };
		8B8E8E9F2B24FA14004CE26C /* Preview Assets.xcassets */ = {isa = PBXFileReference; lastKnownFileType = folder.assetcatalog; path = "Preview Assets.xcassets"; sourceTree = "<group>"; };
		8B8E8EA62B24FD20004CE26C /* CircleImage.swift */ = {isa = PBXFileReference; lastKnownFileType = sourcecode.swift; path = CircleImage.swift; sourceTree = "<group>"; };
		8B8E8EA82B24FDB4004CE26C /* MapView.swift */ = {isa = PBXFileReference; lastKnownFileType = sourcecode.swift; path = MapView.swift; sourceTree = "<group>"; };
		8B960EF32B2A918F000A8CB4 /* FavoriteIcon.swift */ = {isa = PBXFileReference; lastKnownFileType = sourcecode.swift; path = FavoriteIcon.swift; sourceTree = "<group>"; };
		8B960EF62B2AD87F000A8CB4 /* PageViewController.swift */ = {isa = PBXFileReference; lastKnownFileType = sourcecode.swift; path = PageViewController.swift; sourceTree = "<group>"; };
		8B960EF82B2AD96B000A8CB4 /* FeatureCard.swift */ = {isa = PBXFileReference; lastKnownFileType = sourcecode.swift; path = FeatureCard.swift; sourceTree = "<group>"; };
		8B960EFA2B2ADA40000A8CB4 /* PageView.swift */ = {isa = PBXFileReference; lastKnownFileType = sourcecode.swift; path = PageView.swift; sourceTree = "<group>"; };
		8B960EFC2B2ADC4F000A8CB4 /* PageControl.swift */ = {isa = PBXFileReference; lastKnownFileType = sourcecode.swift; path = PageControl.swift; sourceTree = "<group>"; };
		8BF0A4E62B2960230020CC88 /* LandmarkList.swift */ = {isa = PBXFileReference; lastKnownFileType = sourcecode.swift; path = LandmarkList.swift; sourceTree = "<group>"; };
		8BF0A4E82B2961790020CC88 /* LandmarkDetail.swift */ = {isa = PBXFileReference; lastKnownFileType = sourcecode.swift; path = LandmarkDetail.swift; sourceTree = "<group>"; };
		8BF0A4EA2B2968A20020CC88 /* FavoriteButton.swift */ = {isa = PBXFileReference; lastKnownFileType = sourcecode.swift; path = FavoriteButton.swift; sourceTree = "<group>"; };
		8BF0A4EF2B296AA00020CC88 /* HexagonParameters.swift */ = {isa = PBXFileReference; lastKnownFileType = sourcecode.swift; path = HexagonParameters.swift; sourceTree = "<group>"; };
		8BF0A4F32B296BF50020CC88 /* BadgeBackground.swift */ = {isa = PBXFileReference; lastKnownFileType = sourcecode.swift; path = BadgeBackground.swift; sourceTree = "<group>"; };
		8BF0A4F52B296E330020CC88 /* BadgeSymbol.swift */ = {isa = PBXFileReference; lastKnownFileType = sourcecode.swift; path = BadgeSymbol.swift; sourceTree = "<group>"; };
		8BF0A4F72B296E910020CC88 /* RotatedBadgeSymbol.swift */ = {isa = PBXFileReference; lastKnownFileType = sourcecode.swift; path = RotatedBadgeSymbol.swift; sourceTree = "<group>"; };
		8BF0A4FA2B296EEA0020CC88 /* Badge.swift */ = {isa = PBXFileReference; lastKnownFileType = sourcecode.swift; path = Badge.swift; sourceTree = "<group>"; };
		8BF0A4FC2B29705B0020CC88 /* hikeData.json */ = {isa = PBXFileReference; lastKnownFileType = text.json; path = hikeData.json; sourceTree = "<group>"; };
		8BF0A4FE2B29708C0020CC88 /* Hike.swift */ = {isa = PBXFileReference; lastKnownFileType = sourcecode.swift; path = Hike.swift; sourceTree = "<group>"; };
		8BF0A5012B2972BC0020CC88 /* HikeGraph.swift */ = {isa = PBXFileReference; lastKnownFileType = sourcecode.swift; path = HikeGraph.swift; sourceTree = "<group>"; };
		8BF0A5032B2974C00020CC88 /* GraphCapsule.swift */ = {isa = PBXFileReference; lastKnownFileType = sourcecode.swift; path = GraphCapsule.swift; sourceTree = "<group>"; };
		8BF0A5052B29758F0020CC88 /* HikeDetail.swift */ = {isa = PBXFileReference; lastKnownFileType = sourcecode.swift; path = HikeDetail.swift; sourceTree = "<group>"; };
		8BF0A5072B2976D00020CC88 /* HikeView.swift */ = {isa = PBXFileReference; lastKnownFileType = sourcecode.swift; path = HikeView.swift; sourceTree = "<group>"; };
		8BF0A50A2B297E640020CC88 /* CategoryHome.swift */ = {isa = PBXFileReference; lastKnownFileType = sourcecode.swift; path = CategoryHome.swift; sourceTree = "<group>"; };
		8BF0A50C2B2980EE0020CC88 /* CategoryRow.swift */ = {isa = PBXFileReference; lastKnownFileType = sourcecode.swift; path = CategoryRow.swift; sourceTree = "<group>"; };
		8BF0A50E2B2981C70020CC88 /* CategoryItem.swift */ = {isa = PBXFileReference; lastKnownFileType = sourcecode.swift; path = CategoryItem.swift; sourceTree = "<group>"; };
		8BF0A5102B2984AD0020CC88 /* Profile.swift */ = {isa = PBXFileReference; lastKnownFileType = sourcecode.swift; path = Profile.swift; sourceTree = "<group>"; };
		8BF0A5132B29853E0020CC88 /* ProfileHost.swift */ = {isa = PBXFileReference; lastKnownFileType = sourcecode.swift; path = ProfileHost.swift; sourceTree = "<group>"; };
		8BF0A5152B2A7EE10020CC88 /* ProfileSummary.swift */ = {isa = PBXFileReference; lastKnownFileType = sourcecode.swift; path = ProfileSummary.swift; sourceTree = "<group>"; };
		8BF0A5172B2A80800020CC88 /* HikeBadge.swift */ = {isa = PBXFileReference; lastKnownFileType = sourcecode.swift; path = HikeBadge.swift; sourceTree = "<group>"; };
		8BF0A5192B2A87300020CC88 /* ProfileEditor.swift */ = {isa = PBXFileReference; lastKnownFileType = sourcecode.swift; path = ProfileEditor.swift; sourceTree = "<group>"; };
/* End PBXFileReference section */

/* Begin PBXFrameworksBuildPhase section */
		8B5F1D3D2B2E49D8008840F5 /* Frameworks */ = {
			isa = PBXFrameworksBuildPhase;
			buildActionMask = 2147483647;
			files = (
				8B5F1D422B2E49D8008840F5 /* SwiftUI.framework in Frameworks */,
				8B5F1D412B2E49D8008840F5 /* WidgetKit.framework in Frameworks */,
			);
			runOnlyForDeploymentPostprocessing = 0;
		};
		8B8E8E922B24FA14004CE26C /* Frameworks */ = {
			isa = PBXFrameworksBuildPhase;
			buildActionMask = 2147483647;
			files = (
			);
			runOnlyForDeploymentPostprocessing = 0;
		};
/* End PBXFrameworksBuildPhase section */

/* Begin PBXGroup section */
		8B0121262B295A5F0087E3A5 /* Models */ = {
			isa = PBXGroup;
			children = (
				8B0121242B29590B0087E3A5 /* Landmark.swift */,
				8B0121272B295A6D0087E3A5 /* ModelData.swift */,
				8BF0A4FE2B29708C0020CC88 /* Hike.swift */,
				8BF0A5102B2984AD0020CC88 /* Profile.swift */,
			);
			path = Models;
			sourceTree = "<group>";
		};
		8B0121292B295B570087E3A5 /* Resources */ = {
			isa = PBXGroup;
			children = (
				8B0121222B2958E90087E3A5 /* landmarkData.json */,
				8BF0A4FC2B29705B0020CC88 /* hikeData.json */,
			);
			path = Resources;
			sourceTree = "<group>";
		};
		8B01212A2B295B630087E3A5 /* Views */ = {
			isa = PBXGroup;
			children = (
				8B8E8E9A2B24FA14004CE26C /* ContentView.swift */,
				8BF0A5122B29852B0020CC88 /* Profiles */,
				8BF0A5092B297E560020CC88 /* Categories */,
				8BF0A4EC2B2969270020CC88 /* Landmarks */,
				8BF0A5002B2972490020CC88 /* Hikes */,
				8BF0A4F92B296ECE0020CC88 /* Badge */,
			);
			path = Views;
			sourceTree = "<group>";
		};
		8B3745642B2E3CDA007019A8 /* Frameworks */ = {
			isa = PBXGroup;
			children = (
				8B3745652B2E3CDA007019A8 /* WidgetKit.framework */,
				8B3745672B2E3CDA007019A8 /* SwiftUI.framework */,
			);
			name = Frameworks;
			sourceTree = "<group>";
		};
		8B5F1D432B2E49D8008840F5 /* LandmarksWidget */ = {
			isa = PBXGroup;
			children = (
				8B5F1D442B2E49D8008840F5 /* LandmarksWidgetBundle.swift */,
				8B5F1D462B2E49D8008840F5 /* LandmarksWidgetLiveActivity.swift */,
				8B5F1D4C2B2E49D8008840F5 /* Assets.xcassets */,
				8B5F1D4E2B2E49D9008840F5 /* Info.plist */,
				8B5F1D552B2E5810008840F5 /* LandmarkWidgetAttributes.swift */,
				8B5F1D582B2E5831008840F5 /* PercentView.swift */,
				8B5F1D5B2B2E5854008840F5 /* LockScreenView.swift */,
			);
			path = LandmarksWidget;
			sourceTree = "<group>";
		};
		8B8E8E8C2B24FA14004CE26C = {
			isa = PBXGroup;
			children = (
				8B8E8E972B24FA14004CE26C /* Landmarks */,
				8B5F1D432B2E49D8008840F5 /* LandmarksWidget */,
				8B3745642B2E3CDA007019A8 /* Frameworks */,
				8B8E8E962B24FA14004CE26C /* Products */,
			);
			sourceTree = "<group>";
		};
		8B8E8E962B24FA14004CE26C /* Products */ = {
			isa = PBXGroup;
			children = (
				8B8E8E952B24FA14004CE26C /* Landmarks.app */,
				8B5F1D402B2E49D8008840F5 /* LandmarksWidgetExtension.appex */,
			);
			name = Products;
			sourceTree = "<group>";
		};
		8B8E8E972B24FA14004CE26C /* Landmarks */ = {
			isa = PBXGroup;
			children = (
				8B37457C2B2E3DC8007019A8 /* Info.plist */,
				8B01212A2B295B630087E3A5 /* Views */,
				8B0121292B295B570087E3A5 /* Resources */,
				8B0121262B295A5F0087E3A5 /* Models */,
				8B8E8E982B24FA14004CE26C /* LandmarksApp.swift */,
				8B8E8E9C2B24FA14004CE26C /* Assets.xcassets */,
				8B8E8E9E2B24FA14004CE26C /* Preview Content */,
			);
			path = Landmarks;
			sourceTree = "<group>";
		};
		8B8E8E9E2B24FA14004CE26C /* Preview Content */ = {
			isa = PBXGroup;
			children = (
				8B8E8E9F2B24FA14004CE26C /* Preview Assets.xcassets */,
			);
			path = "Preview Content";
			sourceTree = "<group>";
		};
		8B960EF52B2AD86F000A8CB4 /* FeaturedSlides */ = {
			isa = PBXGroup;
			children = (
				8B960EF62B2AD87F000A8CB4 /* PageViewController.swift */,
				8B960EF82B2AD96B000A8CB4 /* FeatureCard.swift */,
				8B960EFA2B2ADA40000A8CB4 /* PageView.swift */,
				8B960EFC2B2ADC4F000A8CB4 /* PageControl.swift */,
			);
			path = FeaturedSlides;
			sourceTree = "<group>";
		};
		8BF0A4EC2B2969270020CC88 /* Landmarks */ = {
			isa = PBXGroup;
			children = (
				8BF0A4E62B2960230020CC88 /* LandmarkList.swift */,
				8B01212B2B295B840087E3A5 /* LandmarkRow.swift */,
				8BF0A4E82B2961790020CC88 /* LandmarkDetail.swift */,
				8B1FFABC2B2A8CF3002FF00F /* FavoriteLandmarks.swift */,
				8B3745592B2D73AF007019A8 /* ReviewLandmark.swift */,
				8B5F1D612B2E5982008840F5 /* LandmarkViewModel.swift */,
				8B37455B2B2E2F90007019A8 /* StartHikingButton.swift */,
				8BF0A4EE2B2969400020CC88 /* Helper */,
			);
			path = Landmarks;
			sourceTree = "<group>";
		};
		8BF0A4EE2B2969400020CC88 /* Helper */ = {
			isa = PBXGroup;
			children = (
				8B8E8EA62B24FD20004CE26C /* CircleImage.swift */,
				8B8E8EA82B24FDB4004CE26C /* MapView.swift */,
				8BF0A4EA2B2968A20020CC88 /* FavoriteButton.swift */,
				8B960EF32B2A918F000A8CB4 /* FavoriteIcon.swift */,
			);
			path = Helper;
			sourceTree = "<group>";
		};
		8BF0A4F92B296ECE0020CC88 /* Badge */ = {
			isa = PBXGroup;
			children = (
				8BF0A4FA2B296EEA0020CC88 /* Badge.swift */,
				8BF0A4F32B296BF50020CC88 /* BadgeBackground.swift */,
				8BF0A4F52B296E330020CC88 /* BadgeSymbol.swift */,
				8BF0A4F72B296E910020CC88 /* RotatedBadgeSymbol.swift */,
				8BF0A4EF2B296AA00020CC88 /* HexagonParameters.swift */,
				8BF0A5172B2A80800020CC88 /* HikeBadge.swift */,
			);
			path = Badge;
			sourceTree = "<group>";
		};
		8BF0A5002B2972490020CC88 /* Hikes */ = {
			isa = PBXGroup;
			children = (
				8BF0A5012B2972BC0020CC88 /* HikeGraph.swift */,
				8BF0A5032B2974C00020CC88 /* GraphCapsule.swift */,
				8BF0A5052B29758F0020CC88 /* HikeDetail.swift */,
				8BF0A5072B2976D00020CC88 /* HikeView.swift */,
			);
			path = Hikes;
			sourceTree = "<group>";
		};
		8BF0A5092B297E560020CC88 /* Categories */ = {
			isa = PBXGroup;
			children = (
				8BF0A50A2B297E640020CC88 /* CategoryHome.swift */,
				8BF0A50C2B2980EE0020CC88 /* CategoryRow.swift */,
				8BF0A50E2B2981C70020CC88 /* CategoryItem.swift */,
				8B5F1D652B2E65A6008840F5 /* SearchBox.swift */,
				8B960EF52B2AD86F000A8CB4 /* FeaturedSlides */,
			);
			path = Categories;
			sourceTree = "<group>";
		};
		8BF0A5122B29852B0020CC88 /* Profiles */ = {
			isa = PBXGroup;
			children = (
				8BF0A5132B29853E0020CC88 /* ProfileHost.swift */,
				8BF0A5152B2A7EE10020CC88 /* ProfileSummary.swift */,
				8BF0A5192B2A87300020CC88 /* ProfileEditor.swift */,
			);
			path = Profiles;
			sourceTree = "<group>";
		};
/* End PBXGroup section */

/* Begin PBXNativeTarget section */
		8B5F1D3F2B2E49D8008840F5 /* LandmarksWidgetExtension */ = {
			isa = PBXNativeTarget;
			buildConfigurationList = 8B5F1D522B2E49D9008840F5 /* Build configuration list for PBXNativeTarget "LandmarksWidgetExtension" */;
			buildPhases = (
				8B5F1D3C2B2E49D8008840F5 /* Sources */,
				8B5F1D3D2B2E49D8008840F5 /* Frameworks */,
				8B5F1D3E2B2E49D8008840F5 /* Resources */,
			);
			buildRules = (
			);
			dependencies = (
			);
			name = LandmarksWidgetExtension;
			productName = LandmarksWidgetExtension;
			productReference = 8B5F1D402B2E49D8008840F5 /* LandmarksWidgetExtension.appex */;
			productType = "com.apple.product-type.app-extension";
		};
		8B8E8E942B24FA14004CE26C /* Landmarks */ = {
			isa = PBXNativeTarget;
			buildConfigurationList = 8B8E8EA32B24FA14004CE26C /* Build configuration list for PBXNativeTarget "Landmarks" */;
			buildPhases = (
				8B8E8E912B24FA14004CE26C /* Sources */,
				8B8E8E922B24FA14004CE26C /* Frameworks */,
				8B8E8E932B24FA14004CE26C /* Resources */,
				8B960F132B2ADDB8000A8CB4 /* Embed Watch Content */,
				8B37457B2B2E3CDB007019A8 /* Embed Foundation Extensions */,
			);
			buildRules = (
			);
			dependencies = (
				8B5F1D502B2E49D9008840F5 /* PBXTargetDependency */,
			);
			name = Landmarks;
			productName = Landmarks;
			productReference = 8B8E8E952B24FA14004CE26C /* Landmarks.app */;
			productType = "com.apple.product-type.application";
		};
/* End PBXNativeTarget section */

/* Begin PBXProject section */
		8B8E8E8D2B24FA14004CE26C /* Project object */ = {
			isa = PBXProject;
			attributes = {
				BuildIndependentTargetsInParallel = 1;
				LastSwiftUpdateCheck = 1510;
				LastUpgradeCheck = 1500;
				TargetAttributes = {
					8B5F1D3F2B2E49D8008840F5 = {
						CreatedOnToolsVersion = 15.1;
					};
					8B8E8E942B24FA14004CE26C = {
						CreatedOnToolsVersion = 15.0.1;
					};
				};
			};
			buildConfigurationList = 8B8E8E902B24FA14004CE26C /* Build configuration list for PBXProject "Landmarks" */;
			compatibilityVersion = "Xcode 14.0";
			developmentRegion = en;
			hasScannedForEncodings = 0;
			knownRegions = (
				en,
				Base,
			);
			mainGroup = 8B8E8E8C2B24FA14004CE26C;
			productRefGroup = 8B8E8E962B24FA14004CE26C /* Products */;
			projectDirPath = "";
			projectRoot = "";
			targets = (
				8B8E8E942B24FA14004CE26C /* Landmarks */,
				8B5F1D3F2B2E49D8008840F5 /* LandmarksWidgetExtension */,
			);
		};
/* End PBXProject section */

/* Begin PBXResourcesBuildPhase section */
		8B5F1D3E2B2E49D8008840F5 /* Resources */ = {
			isa = PBXResourcesBuildPhase;
			buildActionMask = 2147483647;
			files = (
				8B5F1D4D2B2E49D9008840F5 /* Assets.xcassets in Resources */,
			);
			runOnlyForDeploymentPostprocessing = 0;
		};
		8B8E8E932B24FA14004CE26C /* Resources */ = {
			isa = PBXResourcesBuildPhase;
			buildActionMask = 2147483647;
			files = (
				8BF0A4FD2B29705B0020CC88 /* hikeData.json in Resources */,
				8B8E8EA02B24FA14004CE26C /* Preview Assets.xcassets in Resources */,
				8B8E8E9D2B24FA14004CE26C /* Assets.xcassets in Resources */,
				8B0121232B2958E90087E3A5 /* landmarkData.json in Resources */,
			);
			runOnlyForDeploymentPostprocessing = 0;
		};
/* End PBXResourcesBuildPhase section */

/* Begin PBXSourcesBuildPhase section */
		8B5F1D3C2B2E49D8008840F5 /* Sources */ = {
			isa = PBXSourcesBuildPhase;
			buildActionMask = 2147483647;
			files = (
				8B5F1D472B2E49D8008840F5 /* LandmarksWidgetLiveActivity.swift in Sources */,
				8B5F1D5A2B2E5831008840F5 /* PercentView.swift in Sources */,
				8B5F1D5D2B2E5854008840F5 /* LockScreenView.swift in Sources */,
				8B5F1D572B2E5810008840F5 /* LandmarkWidgetAttributes.swift in Sources */,
				8B5F1D452B2E49D8008840F5 /* LandmarksWidgetBundle.swift in Sources */,
			);
			runOnlyForDeploymentPostprocessing = 0;
		};
		8B8E8E912B24FA14004CE26C /* Sources */ = {
			isa = PBXSourcesBuildPhase;
			buildActionMask = 2147483647;
			files = (
				8BF0A50D2B2980EE0020CC88 /* CategoryRow.swift in Sources */,
				8BF0A5112B2984AD0020CC88 /* Profile.swift in Sources */,
				8B8E8E9B2B24FA14004CE26C /* ContentView.swift in Sources */,
				8BF0A50B2B297E640020CC88 /* CategoryHome.swift in Sources */,
				8BF0A4FB2B296EEA0020CC88 /* Badge.swift in Sources */,
				8B8E8EA92B24FDB4004CE26C /* MapView.swift in Sources */,
				8B5F1D592B2E5831008840F5 /* PercentView.swift in Sources */,
				8B37455C2B2E2F90007019A8 /* StartHikingButton.swift in Sources */,
				8B5F1D622B2E5982008840F5 /* LandmarkViewModel.swift in Sources */,
				8B8E8E992B24FA14004CE26C /* LandmarksApp.swift in Sources */,
				8BF0A4EB2B2968A20020CC88 /* FavoriteButton.swift in Sources */,
				8BF0A4F02B296AA00020CC88 /* HexagonParameters.swift in Sources */,
				8B1FFABD2B2A8CF3002FF00F /* FavoriteLandmarks.swift in Sources */,
				8B960EF42B2A918F000A8CB4 /* FavoriteIcon.swift in Sources */,
				8BF0A4FF2B29708C0020CC88 /* Hike.swift in Sources */,
				8BF0A50F2B2981C70020CC88 /* CategoryItem.swift in Sources */,
				8BF0A5062B29758F0020CC88 /* HikeDetail.swift in Sources */,
				8B960EF72B2AD87F000A8CB4 /* PageViewController.swift in Sources */,
				8BF0A5162B2A7EE10020CC88 /* ProfileSummary.swift in Sources */,
				8BF0A4F82B296E910020CC88 /* RotatedBadgeSymbol.swift in Sources */,
				8BF0A5142B29853E0020CC88 /* ProfileHost.swift in Sources */,
				8B960EF92B2AD96B000A8CB4 /* FeatureCard.swift in Sources */,
				8B960EFB2B2ADA40000A8CB4 /* PageView.swift in Sources */,
				8B37455A2B2D73AF007019A8 /* ReviewLandmark.swift in Sources */,
				8BF0A4F62B296E330020CC88 /* BadgeSymbol.swift in Sources */,
				8B5F1D562B2E5810008840F5 /* LandmarkWidgetAttributes.swift in Sources */,
				8BF0A4E72B2960230020CC88 /* LandmarkList.swift in Sources */,
				8B5F1D662B2E65A6008840F5 /* SearchBox.swift in Sources */,
				8BF0A4E92B2961790020CC88 /* LandmarkDetail.swift in Sources */,
				8BF0A51A2B2A87300020CC88 /* ProfileEditor.swift in Sources */,
				8BF0A4F42B296BF50020CC88 /* BadgeBackground.swift in Sources */,
				8BF0A5082B2976D00020CC88 /* HikeView.swift in Sources */,
				8B8E8EA72B24FD20004CE26C /* CircleImage.swift in Sources */,
				8B0121252B29590B0087E3A5 /* Landmark.swift in Sources */,
				8BF0A5182B2A80800020CC88 /* HikeBadge.swift in Sources */,
				8BF0A5042B2974C00020CC88 /* GraphCapsule.swift in Sources */,
				8B5F1D5C2B2E5854008840F5 /* LockScreenView.swift in Sources */,
				8B01212C2B295B840087E3A5 /* LandmarkRow.swift in Sources */,
				8B0121282B295A6D0087E3A5 /* ModelData.swift in Sources */,
				8B960EFD2B2ADC4F000A8CB4 /* PageControl.swift in Sources */,
				8BF0A5022B2972BC0020CC88 /* HikeGraph.swift in Sources */,
			);
			runOnlyForDeploymentPostprocessing = 0;
		};
/* End PBXSourcesBuildPhase section */

/* Begin PBXTargetDependency section */
		8B5F1D502B2E49D9008840F5 /* PBXTargetDependency */ = {
			isa = PBXTargetDependency;
			target = 8B5F1D3F2B2E49D8008840F5 /* LandmarksWidgetExtension */;
			targetProxy = 8B5F1D4F2B2E49D9008840F5 /* PBXContainerItemProxy */;
		};
/* End PBXTargetDependency section */

/* Begin XCBuildConfiguration section */
		8B5F1D532B2E49D9008840F5 /* Debug */ = {
			isa = XCBuildConfiguration;
			buildSettings = {
				ASSETCATALOG_COMPILER_GLOBAL_ACCENT_COLOR_NAME = AccentColor;
				ASSETCATALOG_COMPILER_WIDGET_BACKGROUND_COLOR_NAME = WidgetBackground;
				CODE_SIGN_STYLE = Automatic;
				CURRENT_PROJECT_VERSION = 1;
				DEVELOPMENT_TEAM = L3P446LNNP;
				GENERATE_INFOPLIST_FILE = YES;
				INFOPLIST_FILE = LandmarksWidget/Info.plist;
				INFOPLIST_KEY_CFBundleDisplayName = LandmarksWidget;
				INFOPLIST_KEY_NSHumanReadableCopyright = "";
				LD_RUNPATH_SEARCH_PATHS = (
					"$(inherited)",
					"@executable_path/Frameworks",
					"@executable_path/../../Frameworks",
				);
				MARKETING_VERSION = 1.0;
				PRODUCT_BUNDLE_IDENTIFIER = com.aaronhma.Landmarks.LandmarksWidget;
				PRODUCT_NAME = "$(TARGET_NAME)";
				SKIP_INSTALL = YES;
				SWIFT_EMIT_LOC_STRINGS = YES;
				SWIFT_VERSION = 5.0;
				TARGETED_DEVICE_FAMILY = "1,2";
			};
			name = Debug;
		};
		8B5F1D542B2E49D9008840F5 /* Release */ = {
			isa = XCBuildConfiguration;
			buildSettings = {
				ASSETCATALOG_COMPILER_GLOBAL_ACCENT_COLOR_NAME = AccentColor;
				ASSETCATALOG_COMPILER_WIDGET_BACKGROUND_COLOR_NAME = WidgetBackground;
				CODE_SIGN_STYLE = Automatic;
				CURRENT_PROJECT_VERSION = 1;
				DEVELOPMENT_TEAM = L3P446LNNP;
				GENERATE_INFOPLIST_FILE = YES;
				INFOPLIST_FILE = LandmarksWidget/Info.plist;
				INFOPLIST_KEY_CFBundleDisplayName = LandmarksWidget;
				INFOPLIST_KEY_NSHumanReadableCopyright = "";
				LD_RUNPATH_SEARCH_PATHS = (
					"$(inherited)",
					"@executable_path/Frameworks",
					"@executable_path/../../Frameworks",
				);
				MARKETING_VERSION = 1.0;
				PRODUCT_BUNDLE_IDENTIFIER = com.aaronhma.Landmarks.LandmarksWidget;
				PRODUCT_NAME = "$(TARGET_NAME)";
				SKIP_INSTALL = YES;
				SWIFT_EMIT_LOC_STRINGS = YES;
				SWIFT_VERSION = 5.0;
				TARGETED_DEVICE_FAMILY = "1,2";
			};
			name = Release;
		};
		8B8E8EA12B24FA14004CE26C /* Debug */ = {
			isa = XCBuildConfiguration;
			buildSettings = {
				ALWAYS_SEARCH_USER_PATHS = NO;
				ASSETCATALOG_COMPILER_GENERATE_SWIFT_ASSET_SYMBOL_EXTENSIONS = YES;
				CLANG_ANALYZER_NONNULL = YES;
				CLANG_ANALYZER_NUMBER_OBJECT_CONVERSION = YES_AGGRESSIVE;
				CLANG_CXX_LANGUAGE_STANDARD = "gnu++20";
				CLANG_ENABLE_MODULES = YES;
				CLANG_ENABLE_OBJC_ARC = YES;
				CLANG_ENABLE_OBJC_WEAK = YES;
				CLANG_WARN_BLOCK_CAPTURE_AUTORELEASING = YES;
				CLANG_WARN_BOOL_CONVERSION = YES;
				CLANG_WARN_COMMA = YES;
				CLANG_WARN_CONSTANT_CONVERSION = YES;
				CLANG_WARN_DEPRECATED_OBJC_IMPLEMENTATIONS = YES;
				CLANG_WARN_DIRECT_OBJC_ISA_USAGE = YES_ERROR;
				CLANG_WARN_DOCUMENTATION_COMMENTS = YES;
				CLANG_WARN_EMPTY_BODY = YES;
				CLANG_WARN_ENUM_CONVERSION = YES;
				CLANG_WARN_INFINITE_RECURSION = YES;
				CLANG_WARN_INT_CONVERSION = YES;
				CLANG_WARN_NON_LITERAL_NULL_CONVERSION = YES;
				CLANG_WARN_OBJC_IMPLICIT_RETAIN_SELF = YES;
				CLANG_WARN_OBJC_LITERAL_CONVERSION = YES;
				CLANG_WARN_OBJC_ROOT_CLASS = YES_ERROR;
				CLANG_WARN_QUOTED_INCLUDE_IN_FRAMEWORK_HEADER = YES;
				CLANG_WARN_RANGE_LOOP_ANALYSIS = YES;
				CLANG_WARN_STRICT_PROTOTYPES = YES;
				CLANG_WARN_SUSPICIOUS_MOVE = YES;
				CLANG_WARN_UNGUARDED_AVAILABILITY = YES_AGGRESSIVE;
				CLANG_WARN_UNREACHABLE_CODE = YES;
				CLANG_WARN__DUPLICATE_METHOD_MATCH = YES;
				COPY_PHASE_STRIP = NO;
				DEBUG_INFORMATION_FORMAT = dwarf;
				ENABLE_STRICT_OBJC_MSGSEND = YES;
				ENABLE_TESTABILITY = YES;
				ENABLE_USER_SCRIPT_SANDBOXING = YES;
				GCC_C_LANGUAGE_STANDARD = gnu17;
				GCC_DYNAMIC_NO_PIC = NO;
				GCC_NO_COMMON_BLOCKS = YES;
				GCC_OPTIMIZATION_LEVEL = 0;
				GCC_PREPROCESSOR_DEFINITIONS = (
					"DEBUG=1",
					"$(inherited)",
				);
				GCC_WARN_64_TO_32_BIT_CONVERSION = YES;
				GCC_WARN_ABOUT_RETURN_TYPE = YES_ERROR;
				GCC_WARN_UNDECLARED_SELECTOR = YES;
				GCC_WARN_UNINITIALIZED_AUTOS = YES_AGGRESSIVE;
				GCC_WARN_UNUSED_FUNCTION = YES;
				GCC_WARN_UNUSED_VARIABLE = YES;
				IPHONEOS_DEPLOYMENT_TARGET = 17.2;
				LOCALIZATION_PREFERS_STRING_CATALOGS = YES;
				MTL_ENABLE_DEBUG_INFO = INCLUDE_SOURCE;
				MTL_FAST_MATH = YES;
				ONLY_ACTIVE_ARCH = YES;
				SDKROOT = iphoneos;
				SWIFT_ACTIVE_COMPILATION_CONDITIONS = "DEBUG $(inherited)";
				SWIFT_OPTIMIZATION_LEVEL = "-Onone";
			};
			name = Debug;
		};
		8B8E8EA22B24FA14004CE26C /* Release */ = {
			isa = XCBuildConfiguration;
			buildSettings = {
				ALWAYS_SEARCH_USER_PATHS = NO;
				ASSETCATALOG_COMPILER_GENERATE_SWIFT_ASSET_SYMBOL_EXTENSIONS = YES;
				CLANG_ANALYZER_NONNULL = YES;
				CLANG_ANALYZER_NUMBER_OBJECT_CONVERSION = YES_AGGRESSIVE;
				CLANG_CXX_LANGUAGE_STANDARD = "gnu++20";
				CLANG_ENABLE_MODULES = YES;
				CLANG_ENABLE_OBJC_ARC = YES;
				CLANG_ENABLE_OBJC_WEAK = YES;
				CLANG_WARN_BLOCK_CAPTURE_AUTORELEASING = YES;
				CLANG_WARN_BOOL_CONVERSION = YES;
				CLANG_WARN_COMMA = YES;
				CLANG_WARN_CONSTANT_CONVERSION = YES;
				CLANG_WARN_DEPRECATED_OBJC_IMPLEMENTATIONS = YES;
				CLANG_WARN_DIRECT_OBJC_ISA_USAGE = YES_ERROR;
				CLANG_WARN_DOCUMENTATION_COMMENTS = YES;
				CLANG_WARN_EMPTY_BODY = YES;
				CLANG_WARN_ENUM_CONVERSION = YES;
				CLANG_WARN_INFINITE_RECURSION = YES;
				CLANG_WARN_INT_CONVERSION = YES;
				CLANG_WARN_NON_LITERAL_NULL_CONVERSION = YES;
				CLANG_WARN_OBJC_IMPLICIT_RETAIN_SELF = YES;
				CLANG_WARN_OBJC_LITERAL_CONVERSION = YES;
				CLANG_WARN_OBJC_ROOT_CLASS = YES_ERROR;
				CLANG_WARN_QUOTED_INCLUDE_IN_FRAMEWORK_HEADER = YES;
				CLANG_WARN_RANGE_LOOP_ANALYSIS = YES;
				CLANG_WARN_STRICT_PROTOTYPES = YES;
				CLANG_WARN_SUSPICIOUS_MOVE = YES;
				CLANG_WARN_UNGUARDED_AVAILABILITY = YES_AGGRESSIVE;
				CLANG_WARN_UNREACHABLE_CODE = YES;
				CLANG_WARN__DUPLICATE_METHOD_MATCH = YES;
				COPY_PHASE_STRIP = NO;
				DEBUG_INFORMATION_FORMAT = "dwarf-with-dsym";
				ENABLE_NS_ASSERTIONS = NO;
				ENABLE_STRICT_OBJC_MSGSEND = YES;
				ENABLE_USER_SCRIPT_SANDBOXING = YES;
				GCC_C_LANGUAGE_STANDARD = gnu17;
				GCC_NO_COMMON_BLOCKS = YES;
				GCC_WARN_64_TO_32_BIT_CONVERSION = YES;
				GCC_WARN_ABOUT_RETURN_TYPE = YES_ERROR;
				GCC_WARN_UNDECLARED_SELECTOR = YES;
				GCC_WARN_UNINITIALIZED_AUTOS = YES_AGGRESSIVE;
				GCC_WARN_UNUSED_FUNCTION = YES;
				GCC_WARN_UNUSED_VARIABLE = YES;
				IPHONEOS_DEPLOYMENT_TARGET = 17.2;
				LOCALIZATION_PREFERS_STRING_CATALOGS = YES;
				MTL_ENABLE_DEBUG_INFO = NO;
				MTL_FAST_MATH = YES;
				SDKROOT = iphoneos;
				SWIFT_COMPILATION_MODE = wholemodule;
				VALIDATE_PRODUCT = YES;
			};
			name = Release;
		};
		8B8E8EA42B24FA14004CE26C /* Debug */ = {
			isa = XCBuildConfiguration;
			buildSettings = {
				ALWAYS_EMBED_SWIFT_STANDARD_LIBRARIES = YES;
				ASSETCATALOG_COMPILER_APPICON_NAME = AppIcon;
				ASSETCATALOG_COMPILER_GLOBAL_ACCENT_COLOR_NAME = AccentColor;
				CODE_SIGN_STYLE = Automatic;
				CURRENT_PROJECT_VERSION = 1;
				DEVELOPMENT_ASSET_PATHS = "\"Landmarks/Preview Content\"";
				DEVELOPMENT_TEAM = L3P446LNNP;
				ENABLE_PREVIEWS = YES;
				GENERATE_INFOPLIST_FILE = YES;
				INFOPLIST_FILE = Landmarks/Info.plist;
				INFOPLIST_KEY_NSSupportsLiveActivities = YES;
				INFOPLIST_KEY_UIApplicationSceneManifest_Generation = YES;
				INFOPLIST_KEY_UIApplicationSupportsIndirectInputEvents = YES;
				INFOPLIST_KEY_UILaunchScreen_Generation = YES;
				INFOPLIST_KEY_UISupportedInterfaceOrientations_iPad = "UIInterfaceOrientationPortrait UIInterfaceOrientationPortraitUpsideDown UIInterfaceOrientationLandscapeLeft UIInterfaceOrientationLandscapeRight";
				INFOPLIST_KEY_UISupportedInterfaceOrientations_iPhone = "UIInterfaceOrientationPortrait UIInterfaceOrientationLandscapeLeft UIInterfaceOrientationLandscapeRight";
				IPHONEOS_DEPLOYMENT_TARGET = 17.2;
				LD_RUNPATH_SEARCH_PATHS = (
					"$(inherited)",
					"@executable_path/Frameworks",
				);
				MARKETING_VERSION = 1.0;
				PRODUCT_BUNDLE_IDENTIFIER = com.aaronhma.Landmarks;
				PRODUCT_NAME = "$(TARGET_NAME)";
				SWIFT_EMIT_LOC_STRINGS = YES;
				SWIFT_VERSION = 5.0;
				TARGETED_DEVICE_FAMILY = "1,2";
			};
			name = Debug;
		};
		8B8E8EA52B24FA14004CE26C /* Release */ = {
			isa = XCBuildConfiguration;
			buildSettings = {
				ALWAYS_EMBED_SWIFT_STANDARD_LIBRARIES = YES;
				ASSETCATALOG_COMPILER_APPICON_NAME = AppIcon;
				ASSETCATALOG_COMPILER_GLOBAL_ACCENT_COLOR_NAME = AccentColor;
				CODE_SIGN_STYLE = Automatic;
				CURRENT_PROJECT_VERSION = 1;
				DEVELOPMENT_ASSET_PATHS = "\"Landmarks/Preview Content\"";
				DEVELOPMENT_TEAM = L3P446LNNP;
				ENABLE_PREVIEWS = YES;
				GENERATE_INFOPLIST_FILE = YES;
				INFOPLIST_FILE = Landmarks/Info.plist;
				INFOPLIST_KEY_NSSupportsLiveActivities = YES;
				INFOPLIST_KEY_UIApplicationSceneManifest_Generation = YES;
				INFOPLIST_KEY_UIApplicationSupportsIndirectInputEvents = YES;
				INFOPLIST_KEY_UILaunchScreen_Generation = YES;
				INFOPLIST_KEY_UISupportedInterfaceOrientations_iPad = "UIInterfaceOrientationPortrait UIInterfaceOrientationPortraitUpsideDown UIInterfaceOrientationLandscapeLeft UIInterfaceOrientationLandscapeRight";
				INFOPLIST_KEY_UISupportedInterfaceOrientations_iPhone = "UIInterfaceOrientationPortrait UIInterfaceOrientationLandscapeLeft UIInterfaceOrientationLandscapeRight";
				IPHONEOS_DEPLOYMENT_TARGET = 17.2;
				LD_RUNPATH_SEARCH_PATHS = (
					"$(inherited)",
					"@executable_path/Frameworks",
				);
				MARKETING_VERSION = 1.0;
				PRODUCT_BUNDLE_IDENTIFIER = com.aaronhma.Landmarks;
				PRODUCT_NAME = "$(TARGET_NAME)";
				SWIFT_EMIT_LOC_STRINGS = YES;
				SWIFT_VERSION = 5.0;
				TARGETED_DEVICE_FAMILY = "1,2";
			};
			name = Release;
		};
/* End XCBuildConfiguration section */

/* Begin XCConfigurationList section */
		8B5F1D522B2E49D9008840F5 /* Build configuration list for PBXNativeTarget "LandmarksWidgetExtension" */ = {
			isa = XCConfigurationList;
			buildConfigurations = (
				8B5F1D532B2E49D9008840F5 /* Debug */,
				8B5F1D542B2E49D9008840F5 /* Release */,
			);
			defaultConfigurationIsVisible = 0;
			defaultConfigurationName = Release;
		};
		8B8E8E902B24FA14004CE26C /* Build configuration list for PBXProject "Landmarks" */ = {
			isa = XCConfigurationList;
			buildConfigurations = (
				8B8E8EA12B24FA14004CE26C /* Debug */,
				8B8E8EA22B24FA14004CE26C /* Release */,
			);
			defaultConfigurationIsVisible = 0;
			defaultConfigurationName = Release;
		};
		8B8E8EA32B24FA14004CE26C /* Build configuration list for PBXNativeTarget "Landmarks" */ = {
			isa = XCConfigurationList;
			buildConfigurations = (
				8B8E8EA42B24FA14004CE26C /* Debug */,
				8B8E8EA52B24FA14004CE26C /* Release */,
			);
			defaultConfigurationIsVisible = 0;
			defaultConfigurationName = Release;
		};
/* End XCConfigurationList section */
	};
	rootObject = 8B8E8E8D2B24FA14004CE26C /* Project object */;
}
